
Microsoft Visual Studio Solution File, Format Version 12.00
# Visual Studio Version 17
VisualStudioVersion = 17.5.33530.505
MinimumVisualStudioVersion = 10.0.40219.1
Project("{FAE04EC0-301F-11D3-BF4B-00C04F79EFBC}") = "OneSanofi", "OneSanofi\OneSanofi.csproj", "{C82E62F2-37FD-4446-AB49-A9C376FA8197}"
EndProject
Project("{FAE04EC0-301F-11D3-BF4B-00C04F79EFBC}") = "ServiceLayer", "ServiceLayer\ServiceLayer.csproj", "{C52E839D-718D-4198-BC24-19A3C52B3D0C}"
EndProject
Project("{FAE04EC0-301F-11D3-BF4B-00C04F79EFBC}") = "RepositoryLayer", "RepositoryLayer\RepositoryLayer.csproj", "{E3DFCF2C-D46E-4158-A2A9-2C6186932D47}"
EndProject
Project("{FAE04EC0-301F-11D3-BF4B-00C04F79EFBC}") = "DomainLayer", "DomainLayer\DomainLayer.csproj", "{7D7C1211-7B0F-4DE9-A813-F26F6D62A46A}"
EndProject
Global
	GlobalSection(SolutionConfigurationPlatforms) = preSolution
		Debug|Any CPU = Debug|Any CPU
		Release|Any CPU = Release|Any CPU
	EndGlobalSection
	GlobalSection(ProjectConfigurationPlatforms) = postSolution
		{C82E62F2-37FD-4446-AB49-A9C376FA8197}.Debug|Any CPU.ActiveCfg = Debug|Any CPU
		{C82E62F2-37FD-4446-AB49-A9C376FA8197}.Debug|Any CPU.Build.0 = Debug|Any CPU
		{C82E62F2-37FD-4446-AB49-A9C376FA8197}.Release|Any CPU.ActiveCfg = Release|Any CPU
		{C82E62F2-37FD-4446-AB49-A9C376FA8197}.Release|Any CPU.Build.0 = Release|Any CPU
		{C52E839D-718D-4198-BC24-19A3C52B3D0C}.Debug|Any CPU.ActiveCfg = Debug|Any CPU
		{C52E839D-718D-4198-BC24-19A3C52B3D0C}.Debug|Any CPU.Build.0 = Debug|Any CPU
		{C52E839D-718D-4198-BC24-19A3C52B3D0C}.Release|Any CPU.ActiveCfg = Release|Any CPU
		{C52E839D-718D-4198-BC24-19A3C52B3D0C}.Release|Any CPU.Build.0 = Release|Any CPU
		{E3DFCF2C-D46E-4158-A2A9-2C6186932D47}.Debug|Any CPU.ActiveCfg = Debug|Any CPU
		{E3DFCF2C-D46E-4158-A2A9-2C6186932D47}.Debug|Any CPU.Build.0 = Debug|Any CPU
		{E3DFCF2C-D46E-4158-A2A9-2C6186932D47}.Release|Any CPU.ActiveCfg = Release|Any CPU
		{E3DFCF2C-D46E-4158-A2A9-2C6186932D47}.Release|Any CPU.Build.0 = Release|Any CPU
		{7D7C1211-7B0F-4DE9-A813-F26F6D62A46A}.Debug|Any CPU.ActiveCfg = Debug|Any CPU
		{7D7C1211-7B0F-4DE9-A813-F26F6D62A46A}.Debug|Any CPU.Build.0 = Debug|Any CPU
		{7D7C1211-7B0F-4DE9-A813-F26F6D62A46A}.Release|Any CPU.ActiveCfg = Release|Any CPU
		{7D7C1211-7B0F-4DE9-A813-F26F6D62A46A}.Release|Any CPU.Build.0 = Release|Any CPU
	EndGlobalSection
	GlobalSection(SolutionProperties) = preSolution
		HideSolutionNode = FALSE
	EndGlobalSection
	GlobalSection(ExtensibilityGlobals) = postSolution
		SolutionGuid = {5811B2BA-5386-4A65-9E28-961736CD2A4F}
	EndGlobalSection
EndGlobal
